
Microsoft Visual Studio Solution File, Format Version 12.00
# Visual Studio Version 17
VisualStudioVersion = 17.5.002.0
MinimumVisualStudioVersion = 10.0.40219.1
Project("{2150E333-8FDC-42A3-9474-1A3956D46DE8}") = "csharp-prep", "csharp-prep", "{C17C5366-9B6E-4493-B011-43247A34C4FC}"
EndProject
Project("{9A19103F-16F7-4668-BE54-9A1E7A4F7556}") = "Prep1", "csharp-prep\Prep1\Prep1.csproj", "{33F94452-62E2-4A62-880E-42C07E770344}"
EndProject
Project("{9A19103F-16F7-4668-BE54-9A1E7A4F7556}") = "Prep2", "csharp-prep\Prep2\Prep2.csproj", "{3632D965-7C9D-4DB6-828E-E8992D4B0801}"
EndProject
Project("{9A19103F-16F7-4668-BE54-9A1E7A4F7556}") = "Prep3", "csharp-prep\Prep3\Prep3.csproj", "{4D12F8D9-80AC-446B-AFA8-616F7EBCBDEF}"
EndProject
Project("{9A19103F-16F7-4668-BE54-9A1E7A4F7556}") = "Prep4", "csharp-prep\Prep4\Prep4.csproj", "{60E1C270-73C6-458C-80C6-94894EEC114C}"
EndProject
Project("{9A19103F-16F7-4668-BE54-9A1E7A4F7556}") = "Prep5", "csharp-prep\Prep5\Prep5.csproj", "{9D357506-D8BC-42A5-B24A-E8237CE1F7C0}"
EndProject
Project("{2150E333-8FDC-42A3-9474-1A3956D46DE8}") = "final", "final", "{B8EDAC6C-6EC3-4464-84C1-BB80E9381E23}"
EndProject
Project("{9A19103F-16F7-4668-BE54-9A1E7A4F7556}") = "FinalProject", "final\FinalProject\FinalProject.csproj", "{BF35EA6F-0A3E-430F-9CDA-ED1122E5587F}"
EndProject
Project("{9A19103F-16F7-4668-BE54-9A1E7A4F7556}") = "Foundation1", "final\Foundation1\Foundation1.csproj", "{BD404720-D0AC-40BE-827E-6B89818D49A5}"
EndProject
Project("{9A19103F-16F7-4668-BE54-9A1E7A4F7556}") = "Foundation2", "final\Foundation2\Foundation2.csproj", "{CC22C435-E446-4382-9E08-645F379B3E05}"
EndProject
Project("{9A19103F-16F7-4668-BE54-9A1E7A4F7556}") = "Foundation3", "final\Foundation3\Foundation3.csproj", "{65DBE277-451E-4320-9CC1-A4AED07DD6A1}"
EndProject
Project("{9A19103F-16F7-4668-BE54-9A1E7A4F7556}") = "Foundation4", "final\Foundation4\Foundation4.csproj", "{42A7320D-F086-4492-88F9-690EC5CDB71A}"
EndProject
Project("{2150E333-8FDC-42A3-9474-1A3956D46DE8}") = "prepare", "prepare", "{84B9165F-A62E-49C7-94EF-9156974D694D}"
EndProject
Project("{9A19103F-16F7-4668-BE54-9A1E7A4F7556}") = "Learning02", "prepare\Learning02\Learning02.csproj", "{BACC7B69-DBAA-457C-8523-2C0690F79763}"
EndProject
Project("{9A19103F-16F7-4668-BE54-9A1E7A4F7556}") = "Learning03", "prepare\Learning03\Learning03.csproj", "{8EDF8BE9-641F-4E3B-AF8E-1AB9A048D827}"
EndProject
Project("{9A19103F-16F7-4668-BE54-9A1E7A4F7556}") = "Learning04", "prepare\Learning04\Learning04.csproj", "{22A9FD79-B5CD-4BD6-A097-B2E3BE796E64}"
EndProject
Project("{9A19103F-16F7-4668-BE54-9A1E7A4F7556}") = "Learning05", "prepare\Learning05\Learning05.csproj", "{662504A6-75BE-41F9-8DE2-6AA5FA7E4F93}"
EndProject
Project("{2150E333-8FDC-42A3-9474-1A3956D46DE8}") = "prove", "prove", "{E08F252A-DCF2-45A9-B4D4-4AA27C40C2A3}"
EndProject
Project("{9A19103F-16F7-4668-BE54-9A1E7A4F7556}") = "Develop02", "prove\Develop02\Develop02.csproj", "{F4FC18E8-6843-4D16-9E66-8B6C24E55B2A}"
EndProject
Project("{9A19103F-16F7-4668-BE54-9A1E7A4F7556}") = "Develop03", "prove\Develop03\Develop03.csproj", "{C85C6920-D651-4AF6-81E6-533C19C33C83}"
EndProject
Project("{9A19103F-16F7-4668-BE54-9A1E7A4F7556}") = "Develop04", "prove\Develop04\Develop04.csproj", "{BE951A33-6182-4239-BF6A-7B338DBC262B}"
EndProject
Project("{9A19103F-16F7-4668-BE54-9A1E7A4F7556}") = "Develop05", "prove\Develop05\Develop05.csproj", "{AAE426F7-2F87-4C93-825C-67DEDDADF35A}"
EndProject
Project("{2150E333-8FDC-42A3-9474-1A3956D46DE8}") = "sandbox", "sandbox", "{731F2D14-9079-48E9-A2D7-0FB50F0E3E51}"
EndProject
Project("{9A19103F-16F7-4668-BE54-9A1E7A4F7556}") = "Sandbox", "sandbox\Sandbox\Sandbox.csproj", "{7B4066E0-0F09-411D-AC99-A942554670B1}"
EndProject
Global
	GlobalSection(SolutionConfigurationPlatforms) = preSolution
		Debug|Any CPU = Debug|Any CPU
		Release|Any CPU = Release|Any CPU
	EndGlobalSection
	GlobalSection(ProjectConfigurationPlatforms) = postSolution
		{33F94452-62E2-4A62-880E-42C07E770344}.Debug|Any CPU.ActiveCfg = Debug|Any CPU
		{33F94452-62E2-4A62-880E-42C07E770344}.Debug|Any CPU.Build.0 = Debug|Any CPU
		{33F94452-62E2-4A62-880E-42C07E770344}.Release|Any CPU.ActiveCfg = Release|Any CPU
		{33F94452-62E2-4A62-880E-42C07E770344}.Release|Any CPU.Build.0 = Release|Any CPU
		{3632D965-7C9D-4DB6-828E-E8992D4B0801}.Debug|Any CPU.ActiveCfg = Debug|Any CPU
		{3632D965-7C9D-4DB6-828E-E8992D4B0801}.Debug|Any CPU.Build.0 = Debug|Any CPU
		{3632D965-7C9D-4DB6-828E-E8992D4B0801}.Release|Any CPU.ActiveCfg = Release|Any CPU
		{3632D965-7C9D-4DB6-828E-E8992D4B0801}.Release|Any CPU.Build.0 = Release|Any CPU
		{4D12F8D9-80AC-446B-AFA8-616F7EBCBDEF}.Debug|Any CPU.ActiveCfg = Debug|Any CPU
		{4D12F8D9-80AC-446B-AFA8-616F7EBCBDEF}.Debug|Any CPU.Build.0 = Debug|Any CPU
		{4D12F8D9-80AC-446B-AFA8-616F7EBCBDEF}.Release|Any CPU.ActiveCfg = Release|Any CPU
		{4D12F8D9-80AC-446B-AFA8-616F7EBCBDEF}.Release|Any CPU.Build.0 = Release|Any CPU
		{60E1C270-73C6-458C-80C6-94894EEC114C}.Debug|Any CPU.ActiveCfg = Debug|Any CPU
		{60E1C270-73C6-458C-80C6-94894EEC114C}.Debug|Any CPU.Build.0 = Debug|Any CPU
		{60E1C270-73C6-458C-80C6-94894EEC114C}.Release|Any CPU.ActiveCfg = Release|Any CPU
		{60E1C270-73C6-458C-80C6-94894EEC114C}.Release|Any CPU.Build.0 = Release|Any CPU
		{9D357506-D8BC-42A5-B24A-E8237CE1F7C0}.Debug|Any CPU.ActiveCfg = Debug|Any CPU
		{9D357506-D8BC-42A5-B24A-E8237CE1F7C0}.Debug|Any CPU.Build.0 = Debug|Any CPU
		{9D357506-D8BC-42A5-B24A-E8237CE1F7C0}.Release|Any CPU.ActiveCfg = Release|Any CPU
		{9D357506-D8BC-42A5-B24A-E8237CE1F7C0}.Release|Any CPU.Build.0 = Release|Any CPU
		{BF35EA6F-0A3E-430F-9CDA-ED1122E5587F}.Debug|Any CPU.ActiveCfg = Debug|Any CPU
		{BF35EA6F-0A3E-430F-9CDA-ED1122E5587F}.Debug|Any CPU.Build.0 = Debug|Any CPU
		{BF35EA6F-0A3E-430F-9CDA-ED1122E5587F}.Release|Any CPU.ActiveCfg = Release|Any CPU
		{BF35EA6F-0A3E-430F-9CDA-ED1122E5587F}.Release|Any CPU.Build.0 = Release|Any CPU
		{BD404720-D0AC-40BE-827E-6B89818D49A5}.Debug|Any CPU.ActiveCfg = Debug|Any CPU
		{BD404720-D0AC-40BE-827E-6B89818D49A5}.Debug|Any CPU.Build.0 = Debug|Any CPU
		{BD404720-D0AC-40BE-827E-6B89818D49A5}.Release|Any CPU.ActiveCfg = Release|Any CPU
		{BD404720-D0AC-40BE-827E-6B89818D49A5}.Release|Any CPU.Build.0 = Release|Any CPU
		{CC22C435-E446-4382-9E08-645F379B3E05}.Debug|Any CPU.ActiveCfg = Debug|Any CPU
		{CC22C435-E446-4382-9E08-645F379B3E05}.Debug|Any CPU.Build.0 = Debug|Any CPU
		{CC22C435-E446-4382-9E08-645F379B3E05}.Release|Any CPU.ActiveCfg = Release|Any CPU
		{CC22C435-E446-4382-9E08-645F379B3E05}.Release|Any CPU.Build.0 = Release|Any CPU
		{65DBE277-451E-4320-9CC1-A4AED07DD6A1}.Debug|Any CPU.ActiveCfg = Debug|Any CPU
		{65DBE277-451E-4320-9CC1-A4AED07DD6A1}.Debug|Any CPU.Build.0 = Debug|Any CPU
		{65DBE277-451E-4320-9CC1-A4AED07DD6A1}.Release|Any CPU.ActiveCfg = Release|Any CPU
		{65DBE277-451E-4320-9CC1-A4AED07DD6A1}.Release|Any CPU.Build.0 = Release|Any CPU
		{42A7320D-F086-4492-88F9-690EC5CDB71A}.Debug|Any CPU.ActiveCfg = Debug|Any CPU
		{42A7320D-F086-4492-88F9-690EC5CDB71A}.Debug|Any CPU.Build.0 = Debug|Any CPU
		{42A7320D-F086-4492-88F9-690EC5CDB71A}.Release|Any CPU.ActiveCfg = Release|Any CPU
		{42A7320D-F086-4492-88F9-690EC5CDB71A}.Release|Any CPU.Build.0 = Release|Any CPU
		{BACC7B69-DBAA-457C-8523-2C0690F79763}.Debug|Any CPU.ActiveCfg = Debug|Any CPU
		{BACC7B69-DBAA-457C-8523-2C0690F79763}.Debug|Any CPU.Build.0 = Debug|Any CPU
		{BACC7B69-DBAA-457C-8523-2C0690F79763}.Release|Any CPU.ActiveCfg = Release|Any CPU
		{BACC7B69-DBAA-457C-8523-2C0690F79763}.Release|Any CPU.Build.0 = Release|Any CPU
		{8EDF8BE9-641F-4E3B-AF8E-1AB9A048D827}.Debug|Any CPU.ActiveCfg = Debug|Any CPU
		{8EDF8BE9-641F-4E3B-AF8E-1AB9A048D827}.Debug|Any CPU.Build.0 = Debug|Any CPU
		{8EDF8BE9-641F-4E3B-AF8E-1AB9A048D827}.Release|Any CPU.ActiveCfg = Release|Any CPU
		{8EDF8BE9-641F-4E3B-AF8E-1AB9A048D827}.Release|Any CPU.Build.0 = Release|Any CPU
		{22A9FD79-B5CD-4BD6-A097-B2E3BE796E64}.Debug|Any CPU.ActiveCfg = Debug|Any CPU
		{22A9FD79-B5CD-4BD6-A097-B2E3BE796E64}.Debug|Any CPU.Build.0 = Debug|Any CPU
		{22A9FD79-B5CD-4BD6-A097-B2E3BE796E64}.Release|Any CPU.ActiveCfg = Release|Any CPU
		{22A9FD79-B5CD-4BD6-A097-B2E3BE796E64}.Release|Any CPU.Build.0 = Release|Any CPU
		{662504A6-75BE-41F9-8DE2-6AA5FA7E4F93}.Debug|Any CPU.ActiveCfg = Debug|Any CPU
		{662504A6-75BE-41F9-8DE2-6AA5FA7E4F93}.Debug|Any CPU.Build.0 = Debug|Any CPU
		{662504A6-75BE-41F9-8DE2-6AA5FA7E4F93}.Release|Any CPU.ActiveCfg = Release|Any CPU
		{662504A6-75BE-41F9-8DE2-6AA5FA7E4F93}.Release|Any CPU.Build.0 = Release|Any CPU
		{F4FC18E8-6843-4D16-9E66-8B6C24E55B2A}.Debug|Any CPU.ActiveCfg = Debug|Any CPU
		{F4FC18E8-6843-4D16-9E66-8B6C24E55B2A}.Debug|Any CPU.Build.0 = Debug|Any CPU
		{F4FC18E8-6843-4D16-9E66-8B6C24E55B2A}.Release|Any CPU.ActiveCfg = Release|Any CPU
		{F4FC18E8-6843-4D16-9E66-8B6C24E55B2A}.Release|Any CPU.Build.0 = Release|Any CPU
		{C85C6920-D651-4AF6-81E6-533C19C33C83}.Debug|Any CPU.ActiveCfg = Debug|Any CPU
		{C85C6920-D651-4AF6-81E6-533C19C33C83}.Debug|Any CPU.Build.0 = Debug|Any CPU
		{C85C6920-D651-4AF6-81E6-533C19C33C83}.Release|Any CPU.ActiveCfg = Release|Any CPU
		{C85C6920-D651-4AF6-81E6-533C19C33C83}.Release|Any CPU.Build.0 = Release|Any CPU
		{BE951A33-6182-4239-BF6A-7B338DBC262B}.Debug|Any CPU.ActiveCfg = Debug|Any CPU
		{BE951A33-6182-4239-BF6A-7B338DBC262B}.Debug|Any CPU.Build.0 = Debug|Any CPU
		{BE951A33-6182-4239-BF6A-7B338DBC262B}.Release|Any CPU.ActiveCfg = Release|Any CPU
		{BE951A33-6182-4239-BF6A-7B338DBC262B}.Release|Any CPU.Build.0 = Release|Any CPU
		{AAE426F7-2F87-4C93-825C-67DEDDADF35A}.Debug|Any CPU.ActiveCfg = Debug|Any CPU
		{AAE426F7-2F87-4C93-825C-67DEDDADF35A}.Debug|Any CPU.Build.0 = Debug|Any CPU
		{AAE426F7-2F87-4C93-825C-67DEDDADF35A}.Release|Any CPU.ActiveCfg = Release|Any CPU
		{AAE426F7-2F87-4C93-825C-67DEDDADF35A}.Release|Any CPU.Build.0 = Release|Any CPU
		{7B4066E0-0F09-411D-AC99-A942554670B1}.Debug|Any CPU.ActiveCfg = Debug|Any CPU
		{7B4066E0-0F09-411D-AC99-A942554670B1}.Debug|Any CPU.Build.0 = Debug|Any CPU
		{7B4066E0-0F09-411D-AC99-A942554670B1}.Release|Any CPU.ActiveCfg = Release|Any CPU
		{7B4066E0-0F09-411D-AC99-A942554670B1}.Release|Any CPU.Build.0 = Release|Any CPU
	EndGlobalSection
	GlobalSection(SolutionProperties) = preSolution
		HideSolutionNode = FALSE
	EndGlobalSection
	GlobalSection(NestedProjects) = preSolution
		{33F94452-62E2-4A62-880E-42C07E770344} = {C17C5366-9B6E-4493-B011-43247A34C4FC}
		{3632D965-7C9D-4DB6-828E-E8992D4B0801} = {C17C5366-9B6E-4493-B011-43247A34C4FC}
		{4D12F8D9-80AC-446B-AFA8-616F7EBCBDEF} = {C17C5366-9B6E-4493-B011-43247A34C4FC}
		{60E1C270-73C6-458C-80C6-94894EEC114C} = {C17C5366-9B6E-4493-B011-43247A34C4FC}
		{9D357506-D8BC-42A5-B24A-E8237CE1F7C0} = {C17C5366-9B6E-4493-B011-43247A34C4FC}
		{BF35EA6F-0A3E-430F-9CDA-ED1122E5587F} = {B8EDAC6C-6EC3-4464-84C1-BB80E9381E23}
		{BD404720-D0AC-40BE-827E-6B89818D49A5} = {B8EDAC6C-6EC3-4464-84C1-BB80E9381E23}
		{CC22C435-E446-4382-9E08-645F379B3E05} = {B8EDAC6C-6EC3-4464-84C1-BB80E9381E23}
		{65DBE277-451E-4320-9CC1-A4AED07DD6A1} = {B8EDAC6C-6EC3-4464-84C1-BB80E9381E23}
		{42A7320D-F086-4492-88F9-690EC5CDB71A} = {B8EDAC6C-6EC3-4464-84C1-BB80E9381E23}
		{BACC7B69-DBAA-457C-8523-2C0690F79763} = {84B9165F-A62E-49C7-94EF-9156974D694D}
		{8EDF8BE9-641F-4E3B-AF8E-1AB9A048D827} = {84B9165F-A62E-49C7-94EF-9156974D694D}
		{22A9FD79-B5CD-4BD6-A097-B2E3BE796E64} = {84B9165F-A62E-49C7-94EF-9156974D694D}
		{662504A6-75BE-41F9-8DE2-6AA5FA7E4F93} = {84B9165F-A62E-49C7-94EF-9156974D694D}
		{F4FC18E8-6843-4D16-9E66-8B6C24E55B2A} = {E08F252A-DCF2-45A9-B4D4-4AA27C40C2A3}
		{C85C6920-D651-4AF6-81E6-533C19C33C83} = {E08F252A-DCF2-45A9-B4D4-4AA27C40C2A3}
		{BE951A33-6182-4239-BF6A-7B338DBC262B} = {E08F252A-DCF2-45A9-B4D4-4AA27C40C2A3}
		{AAE426F7-2F87-4C93-825C-67DEDDADF35A} = {E08F252A-DCF2-45A9-B4D4-4AA27C40C2A3}
		{7B4066E0-0F09-411D-AC99-A942554670B1} = {731F2D14-9079-48E9-A2D7-0FB50F0E3E51}
	EndGlobalSection
	GlobalSection(ExtensibilityGlobals) = postSolution
		SolutionGuid = {9140804E-C846-4577-8DFB-EBF6B9F71EE5}
	EndGlobalSection
EndGlobal
